
Microsoft Visual Studio Solution File, Format Version 12.00
# Visual Studio Version 16
VisualStudioVersion = 16.0.31911.196
MinimumVisualStudioVersion = 10.0.40219.1
Project("{FAE04EC0-301F-11D3-BF4B-00C04F79EFBC}") = "FuelMe", "FuelMe.csproj", "{C2E918BB-4739-453A-A062-8894AD38B4BB}"
EndProject
Global
	GlobalSection(SolutionConfigurationPlatforms) = preSolution
		Debug|Any CPU = Debug|Any CPU
		Release|Any CPU = Release|Any CPU
	EndGlobalSection
	GlobalSection(ProjectConfigurationPlatforms) = postSolution
		{C2E918BB-4739-453A-A062-8894AD38B4BB}.Debug|Any CPU.ActiveCfg = Debug|Any CPU
		{C2E918BB-4739-453A-A062-8894AD38B4BB}.Debug|Any CPU.Build.0 = Debug|Any CPU
		{C2E918BB-4739-453A-A062-8894AD38B4BB}.Release|Any CPU.ActiveCfg = Release|Any CPU
		{C2E918BB-4739-453A-A062-8894AD38B4BB}.Release|Any CPU.Build.0 = Release|Any CPU
	EndGlobalSection
	GlobalSection(SolutionProperties) = preSolution
		HideSolutionNode = FALSE
	EndGlobalSection
	GlobalSection(ExtensibilityGlobals) = postSolution
		SolutionGuid = {D79E82A8-EFF6-4044-9191-A5AA5A242913}
	EndGlobalSection
EndGlobal
